
Microsoft Visual Studio Solution File, Format Version 12.00
# Visual Studio 15
VisualStudioVersion = 15.0.27130.2010
MinimumVisualStudioVersion = 10.0.40219.1
Project("{FAE04EC0-301F-11D3-BF4B-00C04F79EFBC}") = "QuanLyPhongTap", "QuanLyPhongTap\QuanLyPhongTap.csproj", "{CBFFFF4D-F214-432F-87EA-45C8CB1DC9DD}"
EndProject
Global
	GlobalSection(SolutionConfigurationPlatforms) = preSolution
		Debug|Any CPU = Debug|Any CPU
		Release|Any CPU = Release|Any CPU
	EndGlobalSection
	GlobalSection(ProjectConfigurationPlatforms) = postSolution
		{CBFFFF4D-F214-432F-87EA-45C8CB1DC9DD}.Debug|Any CPU.ActiveCfg = Debug|Any CPU
		{CBFFFF4D-F214-432F-87EA-45C8CB1DC9DD}.Debug|Any CPU.Build.0 = Debug|Any CPU
		{CBFFFF4D-F214-432F-87EA-45C8CB1DC9DD}.Release|Any CPU.ActiveCfg = Release|Any CPU
		{CBFFFF4D-F214-432F-87EA-45C8CB1DC9DD}.Release|Any CPU.Build.0 = Release|Any CPU
	EndGlobalSection
	GlobalSection(SolutionProperties) = preSolution
		HideSolutionNode = FALSE
	EndGlobalSection
	GlobalSection(ExtensibilityGlobals) = postSolution
		SolutionGuid = {B0B52A00-3906-4ABF-BDC7-9FA710984594}
	EndGlobalSection
EndGlobal
